
Microsoft Visual Studio Solution File, Format Version 12.00
# Visual Studio Version 17
VisualStudioVersion = 17.6.33829.357
MinimumVisualStudioVersion = 10.0.40219.1
Project("{FAE04EC0-301F-11D3-BF4B-00C04F79EFBC}") = "xadrez-console", "xadrez-console\xadrez-console.csproj", "{29FF7E1C-2BBF-4652-AD38-E3EF8B79F825}"
EndProject
Global
	GlobalSection(SolutionConfigurationPlatforms) = preSolution
		Debug|Any CPU = Debug|Any CPU
		Release|Any CPU = Release|Any CPU
	EndGlobalSection
	GlobalSection(ProjectConfigurationPlatforms) = postSolution
		{29FF7E1C-2BBF-4652-AD38-E3EF8B79F825}.Debug|Any CPU.ActiveCfg = Debug|Any CPU
		{29FF7E1C-2BBF-4652-AD38-E3EF8B79F825}.Debug|Any CPU.Build.0 = Debug|Any CPU
		{29FF7E1C-2BBF-4652-AD38-E3EF8B79F825}.Release|Any CPU.ActiveCfg = Release|Any CPU
		{29FF7E1C-2BBF-4652-AD38-E3EF8B79F825}.Release|Any CPU.Build.0 = Release|Any CPU
	EndGlobalSection
	GlobalSection(SolutionProperties) = preSolution
		HideSolutionNode = FALSE
	EndGlobalSection
	GlobalSection(ExtensibilityGlobals) = postSolution
		SolutionGuid = {2B7CE6E4-FDC8-4A42-9EC8-36E550A3A77A}
	EndGlobalSection
EndGlobal
